github.com/buildium-org/codium-harness v0.0.0-20260606210619-4617a245edc3 h1:BzdmAaDUUD5JuvB/DRLoEVqIMib1SuyHt/ucXzo0610=
github.com/buildium-org/codium-harness v0.0.0-20260606210619-4617a245edc3/go.mod h1:H3UqHunRTjVQNnryQN1+McM97Jk0bjId5JBTYqWzdEQ=
github.com/buildium-org/codium-harness v0.0.0-20260606233539-095d4e4b38a2 h1:vpoU5KYP6cZjqc5RhP+cLajlHYRaMn+GCLFBOtgJKnE=
github.com/buildium-org/codium-harness v0.0.0-20260606233539-095d4e4b38a2/go.mod h1:H3UqHunRTjVQNnryQN1+McM97Jk0bjId5JBTYqWzdEQ=
